// !$*UTF8*$!
{
	archiveVersion = 1;
	classes = {
	};
	objectVersion = 46;
	objects = {

/* Begin PBXBuildFile section */
		3A777F9D1F29CC5700BF5085 /* JSONParser.swift in Sources */ = {isa = PBXBuildFile; fileRef = 3A777F9C1F29CC5700BF5085 /* JSONParser.swift */; };
		3AD3CD021F28C5DC006CCFC1 /* AppDelegate.swift in Sources */ = {isa = PBXBuildFile; fileRef = 3AD3CD011F28C5DC006CCFC1 /* AppDelegate.swift */; };
		3AD3CD091F28C5DC006CCFC1 /* Assets.xcassets in Resources */ = {isa = PBXBuildFile; fileRef = 3AD3CD081F28C5DC006CCFC1 /* Assets.xcassets */; };
		3AD3CD0C1F28C5DC006CCFC1 /* LaunchScreen.storyboard in Resources */ = {isa = PBXBuildFile; fileRef = 3AD3CD0A1F28C5DC006CCFC1 /* LaunchScreen.storyboard */; };
		3AD3CD181F28C6B9006CCFC1 /* WeatherModel.xcdatamodeld in Sources */ = {isa = PBXBuildFile; fileRef = 3AD3CD161F28C6B9006CCFC1 /* WeatherModel.xcdatamodeld */; };
		3AD3CD1C1F28C6FB006CCFC1 /* CitysListViewController.swift in Sources */ = {isa = PBXBuildFile; fileRef = 3AD3CD1B1F28C6FB006CCFC1 /* CitysListViewController.swift */; };
		3AD3CD1E1F28C702006CCFC1 /* CitysListViewController.storyboard in Resources */ = {isa = PBXBuildFile; fileRef = 3AD3CD1D1F28C702006CCFC1 /* CitysListViewController.storyboard */; };
		3AD3CD201F28C722006CCFC1 /* Extensions.swift in Sources */ = {isa = PBXBuildFile; fileRef = 3AD3CD1F1F28C722006CCFC1 /* Extensions.swift */; };
		3AD3CD451F28CC64006CCFC1 /* City+CoreDataClass.swift in Sources */ = {isa = PBXBuildFile; fileRef = 3AD3CD391F28CC64006CCFC1 /* City+CoreDataClass.swift */; };
		3AD3CD461F28CC64006CCFC1 /* City+CoreDataProperties.swift in Sources */ = {isa = PBXBuildFile; fileRef = 3AD3CD3A1F28CC64006CCFC1 /* City+CoreDataProperties.swift */; };
		3AD3CD471F28CC64006CCFC1 /* Coord+CoreDataClass.swift in Sources */ = {isa = PBXBuildFile; fileRef = 3AD3CD3B1F28CC64006CCFC1 /* Coord+CoreDataClass.swift */; };
		3AD3CD481F28CC64006CCFC1 /* Coord+CoreDataProperties.swift in Sources */ = {isa = PBXBuildFile; fileRef = 3AD3CD3C1F28CC64006CCFC1 /* Coord+CoreDataProperties.swift */; };
		3AD3CD491F28CC64006CCFC1 /* Main+CoreDataClass.swift in Sources */ = {isa = PBXBuildFile; fileRef = 3AD3CD3D1F28CC64006CCFC1 /* Main+CoreDataClass.swift */; };
		3AD3CD4A1F28CC64006CCFC1 /* Main+CoreDataProperties.swift in Sources */ = {isa = PBXBuildFile; fileRef = 3AD3CD3E1F28CC64006CCFC1 /* Main+CoreDataProperties.swift */; };
		3AD3CD4B1F28CC64006CCFC1 /* Sys+CoreDataClass.swift in Sources */ = {isa = PBXBuildFile; fileRef = 3AD3CD3F1F28CC64006CCFC1 /* Sys+CoreDataClass.swift */; };
		3AD3CD4C1F28CC64006CCFC1 /* Sys+CoreDataProperties.swift in Sources */ = {isa = PBXBuildFile; fileRef = 3AD3CD401F28CC64006CCFC1 /* Sys+CoreDataProperties.swift */; };
		3AD3CD4D1F28CC64006CCFC1 /* Weather+CoreDataClass.swift in Sources */ = {isa = PBXBuildFile; fileRef = 3AD3CD411F28CC64006CCFC1 /* Weather+CoreDataClass.swift */; };
		3AD3CD4E1F28CC64006CCFC1 /* Weather+CoreDataProperties.swift in Sources */ = {isa = PBXBuildFile; fileRef = 3AD3CD421F28CC64006CCFC1 /* Weather+CoreDataProperties.swift */; };
		3AD3CD4F1F28CC64006CCFC1 /* Wind+CoreDataClass.swift in Sources */ = {isa = PBXBuildFile; fileRef = 3AD3CD431F28CC64006CCFC1 /* Wind+CoreDataClass.swift */; };
		3AD3CD501F28CC64006CCFC1 /* Wind+CoreDataProperties.swift in Sources */ = {isa = PBXBuildFile; fileRef = 3AD3CD441F28CC64006CCFC1 /* Wind+CoreDataProperties.swift */; };
		3AD3CD531F28CCF2006CCFC1 /* CoreDataManager.swift in Sources */ = {isa = PBXBuildFile; fileRef = 3AD3CD521F28CCF2006CCFC1 /* CoreDataManager.swift */; };
		3AD3CD571F28CF87006CCFC1 /* AddNewCityViewController.swift in Sources */ = {isa = PBXBuildFile; fileRef = 3AD3CD561F28CF87006CCFC1 /* AddNewCityViewController.swift */; };
		3AD3CD591F28CF8D006CCFC1 /* AddNewCityViewController.storyboard in Resources */ = {isa = PBXBuildFile; fileRef = 3AD3CD581F28CF8D006CCFC1 /* AddNewCityViewController.storyboard */; };
		3AD3CD5D1F28CFF5006CCFC1 /* ATTextField.swift in Sources */ = {isa = PBXBuildFile; fileRef = 3AD3CD5B1F28CFF5006CCFC1 /* ATTextField.swift */; };
		3AD3CD5E1F28CFF5006CCFC1 /* ATView.swift in Sources */ = {isa = PBXBuildFile; fileRef = 3AD3CD5C1F28CFF5006CCFC1 /* ATView.swift */; };
		3AD3CD631F28D33C006CCFC1 /* CityTableViewCell.swift in Sources */ = {isa = PBXBuildFile; fileRef = 3AD3CD611F28D33C006CCFC1 /* CityTableViewCell.swift */; };
		3AD3CD641F28D33C006CCFC1 /* CityTableViewCell.xib in Resources */ = {isa = PBXBuildFile; fileRef = 3AD3CD621F28D33C006CCFC1 /* CityTableViewCell.xib */; };
		3AD3CD671F28D8C5006CCFC1 /* DetailInformationViewController.swift in Sources */ = {isa = PBXBuildFile; fileRef = 3AD3CD661F28D8C5006CCFC1 /* DetailInformationViewController.swift */; };
		3AD3CD691F28D8CC006CCFC1 /* DetailInformationViewController.storyboard in Resources */ = {isa = PBXBuildFile; fileRef = 3AD3CD681F28D8CC006CCFC1 /* DetailInformationViewController.storyboard */; };
		3AD3CD6B1F28E537006CCFC1 /* ConnectionManager.swift in Sources */ = {isa = PBXBuildFile; fileRef = 3AD3CD6A1F28E537006CCFC1 /* ConnectionManager.swift */; };
		D923EE1A6E2D6C7A9D165B0C /* Pods_TestTask.framework in Frameworks */ = {isa = PBXBuildFile; fileRef = BD1437477DAD12140E209D11 /* Pods_TestTask.framework */; };
/* End PBXBuildFile section */

/* Begin PBXFileReference section */
		2A9956CC38328EA8D62B05E6 /* Pods-TestTask.debug.xcconfig */ = {isa = PBXFileReference; includeInIndex = 1; lastKnownFileType = text.xcconfig; name = "Pods-TestTask.debug.xcconfig"; path = "Pods/Target Support Files/Pods-TestTask/Pods-TestTask.debug.xcconfig"; sourceTree = "<group>"; };
		3A777F9C1F29CC5700BF5085 /* JSONParser.swift */ = {isa = PBXFileReference; fileEncoding = 4; lastKnownFileType = sourcecode.swift; path = JSONParser.swift; sourceTree = "<group>"; };
		3AD3CCFE1F28C5DC006CCFC1 /* TestTask.app */ = {isa = PBXFileReference; explicitFileType = wrapper.application; includeInIndex = 0; path = TestTask.app; sourceTree = BUILT_PRODUCTS_DIR; };
		3AD3CD011F28C5DC006CCFC1 /* AppDelegate.swift */ = {isa = PBXFileReference; lastKnownFileType = sourcecode.swift; name = AppDelegate.swift; path = ../AppDelegate.swift; sourceTree = "<group>"; };
		3AD3CD081F28C5DC006CCFC1 /* Assets.xcassets */ = {isa = PBXFileReference; lastKnownFileType = folder.assetcatalog; name = Assets.xcassets; path = ../Assets.xcassets; sourceTree = "<group>"; };
		3AD3CD0B1F28C5DC006CCFC1 /* Base */ = {isa = PBXFileReference; lastKnownFileType = file.storyboard; name = Base; path = Base.lproj/LaunchScreen.storyboard; sourceTree = "<group>"; };
		3AD3CD0D1F28C5DC006CCFC1 /* Info.plist */ = {isa = PBXFileReference; lastKnownFileType = text.plist.xml; name = Info.plist; path = ../Info.plist; sourceTree = "<group>"; };
		3AD3CD171F28C6B9006CCFC1 /* WeatherModel.xcdatamodel */ = {isa = PBXFileReference; lastKnownFileType = wrapper.xcdatamodel; path = WeatherModel.xcdatamodel; sourceTree = "<group>"; };
		3AD3CD1B1F28C6FB006CCFC1 /* CitysListViewController.swift */ = {isa = PBXFileReference; fileEncoding = 4; lastKnownFileType = sourcecode.swift; path = CitysListViewController.swift; sourceTree = "<group>"; };
		3AD3CD1D1F28C702006CCFC1 /* CitysListViewController.storyboard */ = {isa = PBXFileReference; fileEncoding = 4; lastKnownFileType = file.storyboard; path = CitysListViewController.storyboard; sourceTree = "<group>"; };
		3AD3CD1F1F28C722006CCFC1 /* Extensions.swift */ = {isa = PBXFileReference; fileEncoding = 4; lastKnownFileType = sourcecode.swift; path = Extensions.swift; sourceTree = "<group>"; };
		3AD3CD391F28CC64006CCFC1 /* City+CoreDataClass.swift */ = {isa = PBXFileReference; fileEncoding = 4; lastKnownFileType = sourcecode.swift; path = "City+CoreDataClass.swift"; sourceTree = "<group>"; };
		3AD3CD3A1F28CC64006CCFC1 /* City+CoreDataProperties.swift */ = {isa = PBXFileReference; fileEncoding = 4; lastKnownFileType = sourcecode.swift; path = "City+CoreDataProperties.swift"; sourceTree = "<group>"; };
		3AD3CD3B1F28CC64006CCFC1 /* Coord+CoreDataClass.swift */ = {isa = PBXFileReference; fileEncoding = 4; lastKnownFileType = sourcecode.swift; path = "Coord+CoreDataClass.swift"; sourceTree = "<group>"; };
		3AD3CD3C1F28CC64006CCFC1 /* Coord+CoreDataProperties.swift */ = {isa = PBXFileReference; fileEncoding = 4; lastKnownFileType = sourcecode.swift; path = "Coord+CoreDataProperties.swift"; sourceTree = "<group>"; };
		3AD3CD3D1F28CC64006CCFC1 /* Main+CoreDataClass.swift */ = {isa = PBXFileReference; fileEncoding = 4; lastKnownFileType = sourcecode.swift; path = "Main+CoreDataClass.swift"; sourceTree = "<group>"; };
		3AD3CD3E1F28CC64006CCFC1 /* Main+CoreDataProperties.swift */ = {isa = PBXFileReference; fileEncoding = 4; lastKnownFileType = sourcecode.swift; path = "Main+CoreDataProperties.swift"; sourceTree = "<group>"; };
		3AD3CD3F1F28CC64006CCFC1 /* Sys+CoreDataClass.swift */ = {isa = PBXFileReference; fileEncoding = 4; lastKnownFileType = sourcecode.swift; path = "Sys+CoreDataClass.swift"; sourceTree = "<group>"; };
		3AD3CD401F28CC64006CCFC1 /* Sys+CoreDataProperties.swift */ = {isa = PBXFileReference; fileEncoding = 4; lastKnownFileType = sourcecode.swift; path = "Sys+CoreDataProperties.swift"; sourceTree = "<group>"; };
		3AD3CD411F28CC64006CCFC1 /* Weather+CoreDataClass.swift */ = {isa = PBXFileReference; fileEncoding = 4; lastKnownFileType = sourcecode.swift; path = "Weather+CoreDataClass.swift"; sourceTree = "<group>"; };
		3AD3CD421F28CC64006CCFC1 /* Weather+CoreDataProperties.swift */ = {isa = PBXFileReference; fileEncoding = 4; lastKnownFileType = sourcecode.swift; path = "Weather+CoreDataProperties.swift"; sourceTree = "<group>"; };
		3AD3CD431F28CC64006CCFC1 /* Wind+CoreDataClass.swift */ = {isa = PBXFileReference; fileEncoding = 4; lastKnownFileType = sourcecode.swift; path = "Wind+CoreDataClass.swift"; sourceTree = "<group>"; };
		3AD3CD441F28CC64006CCFC1 /* Wind+CoreDataProperties.swift */ = {isa = PBXFileReference; fileEncoding = 4; lastKnownFileType = sourcecode.swift; path = "Wind+CoreDataProperties.swift"; sourceTree = "<group>"; };
		3AD3CD521F28CCF2006CCFC1 /* CoreDataManager.swift */ = {isa = PBXFileReference; fileEncoding = 4; lastKnownFileType = sourcecode.swift; path = CoreDataManager.swift; sourceTree = "<group>"; };
		3AD3CD561F28CF87006CCFC1 /* AddNewCityViewController.swift */ = {isa = PBXFileReference; fileEncoding = 4; lastKnownFileType = sourcecode.swift; path = AddNewCityViewController.swift; sourceTree = "<group>"; };
		3AD3CD581F28CF8D006CCFC1 /* AddNewCityViewController.storyboard */ = {isa = PBXFileReference; fileEncoding = 4; lastKnownFileType = file.storyboard; path = AddNewCityViewController.storyboard; sourceTree = "<group>"; };
		3AD3CD5B1F28CFF5006CCFC1 /* ATTextField.swift */ = {isa = PBXFileReference; fileEncoding = 4; lastKnownFileType = sourcecode.swift; path = ATTextField.swift; sourceTree = "<group>"; };
		3AD3CD5C1F28CFF5006CCFC1 /* ATView.swift */ = {isa = PBXFileReference; fileEncoding = 4; lastKnownFileType = sourcecode.swift; path = ATView.swift; sourceTree = "<group>"; };
		3AD3CD611F28D33C006CCFC1 /* CityTableViewCell.swift */ = {isa = PBXFileReference; fileEncoding = 4; lastKnownFileType = sourcecode.swift; path = CityTableViewCell.swift; sourceTree = "<group>"; };
		3AD3CD621F28D33C006CCFC1 /* CityTableViewCell.xib */ = {isa = PBXFileReference; fileEncoding = 4; lastKnownFileType = file.xib; path = CityTableViewCell.xib; sourceTree = "<group>"; };
		3AD3CD661F28D8C5006CCFC1 /* DetailInformationViewController.swift */ = {isa = PBXFileReference; fileEncoding = 4; lastKnownFileType = sourcecode.swift; path = DetailInformationViewController.swift; sourceTree = "<group>"; };
		3AD3CD681F28D8CC006CCFC1 /* DetailInformationViewController.storyboard */ = {isa = PBXFileReference; fileEncoding = 4; lastKnownFileType = file.storyboard; path = DetailInformationViewController.storyboard; sourceTree = "<group>"; };
		3AD3CD6A1F28E537006CCFC1 /* ConnectionManager.swift */ = {isa = PBXFileReference; fileEncoding = 4; lastKnownFileType = sourcecode.swift; path = ConnectionManager.swift; sourceTree = "<group>"; };
		642E802F3A56897AD71FBFED /* Pods-TestTask.release.xcconfig */ = {isa = PBXFileReference; includeInIndex = 1; lastKnownFileType = text.xcconfig; name = "Pods-TestTask.release.xcconfig"; path = "Pods/Target Support Files/Pods-TestTask/Pods-TestTask.release.xcconfig"; sourceTree = "<group>"; };
		BD1437477DAD12140E209D11 /* Pods_TestTask.framework */ = {isa = PBXFileReference; explicitFileType = wrapper.framework; includeInIndex = 0; path = Pods_TestTask.framework; sourceTree = BUILT_PRODUCTS_DIR; };
/* End PBXFileReference section */

/* Begin PBXFrameworksBuildPhase section */
		3AD3CCFB1F28C5DC006CCFC1 /* Frameworks */ = {
			isa = PBXFrameworksBuildPhase;
			buildActionMask = 2147483647;
			files = (
				D923EE1A6E2D6C7A9D165B0C /* Pods_TestTask.framework in Frameworks */,
			);
			runOnlyForDeploymentPostprocessing = 0;
		};
/* End PBXFrameworksBuildPhase section */

/* Begin PBXGroup section */
		3AD3CCF51F28C5DC006CCFC1 = {
			isa = PBXGroup;
			children = (
				3AD3CD001F28C5DC006CCFC1 /* TestTask */,
				3AD3CCFF1F28C5DC006CCFC1 /* Products */,
				E245F31A734F8AB02DF692B6 /* Pods */,
				F350729F105025C1259976F7 /* Frameworks */,
			);
			sourceTree = "<group>";
		};
		3AD3CCFF1F28C5DC006CCFC1 /* Products */ = {
			isa = PBXGroup;
			children = (
				3AD3CCFE1F28C5DC006CCFC1 /* TestTask.app */,
			);
			name = Products;
			sourceTree = "<group>";
		};
		3AD3CD001F28C5DC006CCFC1 /* TestTask */ = {
			isa = PBXGroup;
			children = (
				3AD3CD5F1F28D32B006CCFC1 /* Cells */,
				3AD3CD151F28C6A6006CCFC1 /* CoreData */,
				3AD3CD511F28CCD5006CCFC1 /* Managers */,
				3AD3CD131F28C5F7006CCFC1 /* Support */,
				3AD3CD141F28C5F7006CCFC1 /* ViewControllers */,
			);
			path = TestTask;
			sourceTree = "<group>";
		};
		3AD3CD131F28C5F7006CCFC1 /* Support */ = {
			isa = PBXGroup;
			children = (
				3AD3CD5A1F28CFF5006CCFC1 /* UIHelpers */,
				3AD3CD1F1F28C722006CCFC1 /* Extensions.swift */,
				3AD3CD011F28C5DC006CCFC1 /* AppDelegate.swift */,
				3AD3CD081F28C5DC006CCFC1 /* Assets.xcassets */,
				3AD3CD0A1F28C5DC006CCFC1 /* LaunchScreen.storyboard */,
				3AD3CD0D1F28C5DC006CCFC1 /* Info.plist */,
			);
			path = Support;
			sourceTree = "<group>";
		};
		3AD3CD141F28C5F7006CCFC1 /* ViewControllers */ = {
			isa = PBXGroup;
			children = (
				3AD3CD651F28D8B6006CCFC1 /* DetailInformation */,
				3AD3CD551F28CF7F006CCFC1 /* AddNewCity */,
				3AD3CD1A1F28C6E6006CCFC1 /* CitysList */,
			);
			path = ViewControllers;
			sourceTree = "<group>";
		};
		3AD3CD151F28C6A6006CCFC1 /* CoreData */ = {
			isa = PBXGroup;
			children = (
				3AD3CD161F28C6B9006CCFC1 /* WeatherModel.xcdatamodeld */,
				3AD3CD391F28CC64006CCFC1 /* City+CoreDataClass.swift */,
				3AD3CD3A1F28CC64006CCFC1 /* City+CoreDataProperties.swift */,
				3AD3CD3B1F28CC64006CCFC1 /* Coord+CoreDataClass.swift */,
				3AD3CD3C1F28CC64006CCFC1 /* Coord+CoreDataProperties.swift */,
				3AD3CD3D1F28CC64006CCFC1 /* Main+CoreDataClass.swift */,
				3AD3CD3E1F28CC64006CCFC1 /* Main+CoreDataProperties.swift */,
				3AD3CD3F1F28CC64006CCFC1 /* Sys+CoreDataClass.swift */,
				3AD3CD401F28CC64006CCFC1 /* Sys+CoreDataProperties.swift */,
				3AD3CD411F28CC64006CCFC1 /* Weather+CoreDataClass.swift */,
				3AD3CD421F28CC64006CCFC1 /* Weather+CoreDataProperties.swift */,
				3AD3CD431F28CC64006CCFC1 /* Wind+CoreDataClass.swift */,
				3AD3CD441F28CC64006CCFC1 /* Wind+CoreDataProperties.swift */,
			);
			path = CoreData;
			sourceTree = "<group>";
		};
		3AD3CD1A1F28C6E6006CCFC1 /* CitysList */ = {
			isa = PBXGroup;
			children = (
				3AD3CD1B1F28C6FB006CCFC1 /* CitysListViewController.swift */,
				3AD3CD1D1F28C702006CCFC1 /* CitysListViewController.storyboard */,
			);
			path = CitysList;
			sourceTree = "<group>";
		};
		3AD3CD511F28CCD5006CCFC1 /* Managers */ = {
			isa = PBXGroup;
			children = (
				3AD3CD521F28CCF2006CCFC1 /* CoreDataManager.swift */,
				3AD3CD6A1F28E537006CCFC1 /* ConnectionManager.swift */,
				3A777F9C1F29CC5700BF5085 /* JSONParser.swift */,
			);
			path = Managers;
			sourceTree = "<group>";
		};
		3AD3CD551F28CF7F006CCFC1 /* AddNewCity */ = {
			isa = PBXGroup;
			children = (
				3AD3CD561F28CF87006CCFC1 /* AddNewCityViewController.swift */,
				3AD3CD581F28CF8D006CCFC1 /* AddNewCityViewController.storyboard */,
			);
			path = AddNewCity;
			sourceTree = "<group>";
		};
		3AD3CD5A1F28CFF5006CCFC1 /* UIHelpers */ = {
			isa = PBXGroup;
			children = (
				3AD3CD5B1F28CFF5006CCFC1 /* ATTextField.swift */,
				3AD3CD5C1F28CFF5006CCFC1 /* ATView.swift */,
			);
			path = UIHelpers;
			sourceTree = "<group>";
		};
		3AD3CD5F1F28D32B006CCFC1 /* Cells */ = {
			isa = PBXGroup;
			children = (
				3AD3CD601F28D32B006CCFC1 /* City */,
			);
			path = Cells;
			sourceTree = "<group>";
		};
		3AD3CD601F28D32B006CCFC1 /* City */ = {
			isa = PBXGroup;
			children = (
				3AD3CD611F28D33C006CCFC1 /* CityTableViewCell.swift */,
				3AD3CD621F28D33C006CCFC1 /* CityTableViewCell.xib */,
			);
			path = City;
			sourceTree = "<group>";
		};
		3AD3CD651F28D8B6006CCFC1 /* DetailInformation */ = {
			isa = PBXGroup;
			children = (
				3AD3CD661F28D8C5006CCFC1 /* DetailInformationViewController.swift */,
				3AD3CD681F28D8CC006CCFC1 /* DetailInformationViewController.storyboard */,
			);
			path = DetailInformation;
			sourceTree = "<group>";
		};
		E245F31A734F8AB02DF692B6 /* Pods */ = {
			isa = PBXGroup;
			children = (
				2A9956CC38328EA8D62B05E6 /* Pods-TestTask.debug.xcconfig */,
				642E802F3A56897AD71FBFED /* Pods-TestTask.release.xcconfig */,
			);
			name = Pods;
			sourceTree = "<group>";
		};
		F350729F105025C1259976F7 /* Frameworks */ = {
			isa = PBXGroup;
			children = (
				BD1437477DAD12140E209D11 /* Pods_TestTask.framework */,
			);
			name = Frameworks;
			sourceTree = "<group>";
		};
/* End PBXGroup section */

/* Begin PBXNativeTarget section */
		3AD3CCFD1F28C5DC006CCFC1 /* TestTask */ = {
			isa = PBXNativeTarget;
			buildConfigurationList = 3AD3CD101F28C5DC006CCFC1 /* Build configuration list for PBXNativeTarget "TestTask" */;
			buildPhases = (
				BBBEF7B67BBC93E5036C1AFD /* [CP] Check Pods Manifest.lock */,
				3AD3CCFA1F28C5DC006CCFC1 /* Sources */,
				3AD3CCFB1F28C5DC006CCFC1 /* Frameworks */,
				3AD3CCFC1F28C5DC006CCFC1 /* Resources */,
				23ADAEE44EB4F86A30178482 /* [CP] Embed Pods Frameworks */,
				4BF674BF5F6D687F4636B740 /* [CP] Copy Pods Resources */,
			);
			buildRules = (
			);
			dependencies = (
			);
			name = TestTask;
			productName = TestTask;
			productReference = 3AD3CCFE1F28C5DC006CCFC1 /* TestTask.app */;
			productType = "com.apple.product-type.application";
		};
/* End PBXNativeTarget section */

/* Begin PBXProject section */
		3AD3CCF61F28C5DC006CCFC1 /* Project object */ = {
			isa = PBXProject;
			attributes = {
				LastSwiftUpdateCheck = 0830;
				LastUpgradeCheck = 0830;
				ORGANIZATIONNAME = Elatesoftware;
				TargetAttributes = {
					3AD3CCFD1F28C5DC006CCFC1 = {
						CreatedOnToolsVersion = 8.3.2;
						DevelopmentTeam = T4W24SQJKG;
						ProvisioningStyle = Automatic;
					};
				};
			};
			buildConfigurationList = 3AD3CCF91F28C5DC006CCFC1 /* Build configuration list for PBXProject "TestTask" */;
			compatibilityVersion = "Xcode 3.2";
			developmentRegion = English;
			hasScannedForEncodings = 0;
			knownRegions = (
				en,
				Base,
			);
			mainGroup = 3AD3CCF51F28C5DC006CCFC1;
			productRefGroup = 3AD3CCFF1F28C5DC006CCFC1 /* Products */;
			projectDirPath = "";
			projectRoot = "";
			targets = (
				3AD3CCFD1F28C5DC006CCFC1 /* TestTask */,
			);
		};
/* End PBXProject section */

/* Begin PBXResourcesBuildPhase section */
		3AD3CCFC1F28C5DC006CCFC1 /* Resources */ = {
			isa = PBXResourcesBuildPhase;
			buildActionMask = 2147483647;
			files = (
				3AD3CD641F28D33C006CCFC1 /* CityTableViewCell.xib in Resources */,
				3AD3CD691F28D8CC006CCFC1 /* DetailInformationViewController.storyboard in Resources */,
				3AD3CD591F28CF8D006CCFC1 /* AddNewCityViewController.storyboard in Resources */,
				3AD3CD0C1F28C5DC006CCFC1 /* LaunchScreen.storyboard in Resources */,
				3AD3CD091F28C5DC006CCFC1 /* Assets.xcassets in Resources */,
				3AD3CD1E1F28C702006CCFC1 /* CitysListViewController.storyboard in Resources */,
			);
			runOnlyForDeploymentPostprocessing = 0;
		};
/* End PBXResourcesBuildPhase section */

/* Begin PBXShellScriptBuildPhase section */
		23ADAEE44EB4F86A30178482 /* [CP] Embed Pods Frameworks */ = {
			isa = PBXShellScriptBuildPhase;
			buildActionMask = 2147483647;
			files = (
			);
			inputPaths = (
			);
			name = "[CP] Embed Pods Frameworks";
			outputPaths = (
			);
			runOnlyForDeploymentPostprocessing = 0;
			shellPath = /bin/sh;
			shellScript = "\"${SRCROOT}/Pods/Target Support Files/Pods-TestTask/Pods-TestTask-frameworks.sh\"\n";
			showEnvVarsInLog = 0;
		};
		4BF674BF5F6D687F4636B740 /* [CP] Copy Pods Resources */ = {
			isa = PBXShellScriptBuildPhase;
			buildActionMask = 2147483647;
			files = (
			);
			inputPaths = (
			);
			name = "[CP] Copy Pods Resources";
			outputPaths = (
			);
			runOnlyForDeploymentPostprocessing = 0;
			shellPath = /bin/sh;
			shellScript = "\"${SRCROOT}/Pods/Target Support Files/Pods-TestTask/Pods-TestTask-resources.sh\"\n";
			showEnvVarsInLog = 0;
		};
		BBBEF7B67BBC93E5036C1AFD /* [CP] Check Pods Manifest.lock */ = {
			isa = PBXShellScriptBuildPhase;
			buildActionMask = 2147483647;
			files = (
			);
			inputPaths = (
			);
			name = "[CP] Check Pods Manifest.lock";
			outputPaths = (
			);
			runOnlyForDeploymentPostprocessing = 0;
			shellPath = /bin/sh;
			shellScript = "diff \"${PODS_PODFILE_DIR_PATH}/Podfile.lock\" \"${PODS_ROOT}/Manifest.lock\" > /dev/null\nif [ $? != 0 ] ; then\n    # print error to STDERR\n    echo \"error: The sandbox is not in sync with the Podfile.lock. Run 'pod install' or update your CocoaPods installation.\" >&2\n    exit 1\nfi\n";
			showEnvVarsInLog = 0;
		};
/* End PBXShellScriptBuildPhase section */

/* Begin PBXSourcesBuildPhase section */
		3AD3CCFA1F28C5DC006CCFC1 /* Sources */ = {
			isa = PBXSourcesBuildPhase;
			buildActionMask = 2147483647;
			files = (
				3AD3CD571F28CF87006CCFC1 /* AddNewCityViewController.swift in Sources */,
				3AD3CD181F28C6B9006CCFC1 /* WeatherModel.xcdatamodeld in Sources */,
				3A777F9D1F29CC5700BF5085 /* JSONParser.swift in Sources */,
				3AD3CD491F28CC64006CCFC1 /* Main+CoreDataClass.swift in Sources */,
				3AD3CD5E1F28CFF5006CCFC1 /* ATView.swift in Sources */,
				3AD3CD4B1F28CC64006CCFC1 /* Sys+CoreDataClass.swift in Sources */,
				3AD3CD4A1F28CC64006CCFC1 /* Main+CoreDataProperties.swift in Sources */,
				3AD3CD6B1F28E537006CCFC1 /* ConnectionManager.swift in Sources */,
				3AD3CD671F28D8C5006CCFC1 /* DetailInformationViewController.swift in Sources */,
				3AD3CD531F28CCF2006CCFC1 /* CoreDataManager.swift in Sources */,
				3AD3CD1C1F28C6FB006CCFC1 /* CitysListViewController.swift in Sources */,
				3AD3CD501F28CC64006CCFC1 /* Wind+CoreDataProperties.swift in Sources */,
				3AD3CD021F28C5DC006CCFC1 /* AppDelegate.swift in Sources */,
				3AD3CD481F28CC64006CCFC1 /* Coord+CoreDataProperties.swift in Sources */,
				3AD3CD201F28C722006CCFC1 /* Extensions.swift in Sources */,
				3AD3CD5D1F28CFF5006CCFC1 /* ATTextField.swift in Sources */,
				3AD3CD471F28CC64006CCFC1 /* Coord+CoreDataClass.swift in Sources */,
				3AD3CD4F1F28CC64006CCFC1 /* Wind+CoreDataClass.swift in Sources */,
				3AD3CD631F28D33C006CCFC1 /* CityTableViewCell.swift in Sources */,
				3AD3CD4C1F28CC64006CCFC1 /* Sys+CoreDataProperties.swift in Sources */,
				3AD3CD461F28CC64006CCFC1 /* City+CoreDataProperties.swift in Sources */,
				3AD3CD4D1F28CC64006CCFC1 /* Weather+CoreDataClass.swift in Sources */,
				3AD3CD4E1F28CC64006CCFC1 /* Weather+CoreDataProperties.swift in Sources */,
				3AD3CD451F28CC64006CCFC1 /* City+CoreDataClass.swift in Sources */,
			);
			runOnlyForDeploymentPostprocessing = 0;
		};
/* End PBXSourcesBuildPhase section */

/* Begin PBXVariantGroup section */
		3AD3CD0A1F28C5DC006CCFC1 /* LaunchScreen.storyboard */ = {
			isa = PBXVariantGroup;
			children = (
				3AD3CD0B1F28C5DC006CCFC1 /* Base */,
			);
			name = LaunchScreen.storyboard;
			path = ..;
			sourceTree = "<group>";
		};
/* End PBXVariantGroup section */

/* Begin XCBuildConfiguration section */
		3AD3CD0E1F28C5DC006CCFC1 /* Debug */ = {
			isa = XCBuildConfiguration;
			buildSettings = {
				ALWAYS_SEARCH_USER_PATHS = NO;
				CLANG_ANALYZER_NONNULL = YES;
				CLANG_ANALYZER_NUMBER_OBJECT_CONVERSION = YES_AGGRESSIVE;
				CLANG_CXX_LANGUAGE_STANDARD = "gnu++0x";
				CLANG_CXX_LIBRARY = "libc++";
				CLANG_ENABLE_MODULES = YES;
				CLANG_ENABLE_OBJC_ARC = YES;
				CLANG_WARN_BOOL_CONVERSION = YES;
				CLANG_WARN_CONSTANT_CONVERSION = YES;
				CLANG_WARN_DIRECT_OBJC_ISA_USAGE = YES_ERROR;
				CLANG_WARN_DOCUMENTATION_COMMENTS = YES;
				CLANG_WARN_EMPTY_BODY = YES;
				CLANG_WARN_ENUM_CONVERSION = YES;
				CLANG_WARN_INFINITE_RECURSION = YES;
				CLANG_WARN_INT_CONVERSION = YES;
				CLANG_WARN_OBJC_ROOT_CLASS = YES_ERROR;
				CLANG_WARN_SUSPICIOUS_MOVE = YES;
				CLANG_WARN_UNREACHABLE_CODE = YES;
				CLANG_WARN__DUPLICATE_METHOD_MATCH = YES;
				"CODE_SIGN_IDENTITY[sdk=iphoneos*]" = "iPhone Developer";
				COPY_PHASE_STRIP = NO;
				DEBUG_INFORMATION_FORMAT = dwarf;
				ENABLE_STRICT_OBJC_MSGSEND = YES;
				ENABLE_TESTABILITY = YES;
				GCC_C_LANGUAGE_STANDARD = gnu99;
				GCC_DYNAMIC_NO_PIC = NO;
				GCC_NO_COMMON_BLOCKS = YES;
				GCC_OPTIMIZATION_LEVEL = 0;
				GCC_PREPROCESSOR_DEFINITIONS = (
					"DEBUG=1",
					"$(inherited)",
				);
				GCC_WARN_64_TO_32_BIT_CONVERSION = YES;
				GCC_WARN_ABOUT_RETURN_TYPE = YES_ERROR;
				GCC_WARN_UNDECLARED_SELECTOR = YES;
				GCC_WARN_UNINITIALIZED_AUTOS = YES_AGGRESSIVE;
				GCC_WARN_UNUSED_FUNCTION = YES;
				GCC_WARN_UNUSED_VARIABLE = YES;
				IPHONEOS_DEPLOYMENT_TARGET = 10.3;
				MTL_ENABLE_DEBUG_INFO = YES;
				ONLY_ACTIVE_ARCH = YES;
				SDKROOT = iphoneos;
				SWIFT_ACTIVE_COMPILATION_CONDITIONS = DEBUG;
				SWIFT_OPTIMIZATION_LEVEL = "-Onone";
				TARGETED_DEVICE_FAMILY = "1,2";
			};
			name = Debug;
		};
		3AD3CD0F1F28C5DC006CCFC1 /* Release */ = {
			isa = XCBuildConfiguration;
			buildSettings = {
				ALWAYS_SEARCH_USER_PATHS = NO;
				CLANG_ANALYZER_NONNULL = YES;
				CLANG_ANALYZER_NUMBER_OBJECT_CONVERSION = YES_AGGRESSIVE;
				CLANG_CXX_LANGUAGE_STANDARD = "gnu++0x";
				CLANG_CXX_LIBRARY = "libc++";
				CLANG_ENABLE_MODULES = YES;
				CLANG_ENABLE_OBJC_ARC = YES;
				CLANG_WARN_BOOL_CONVERSION = YES;
				CLANG_WARN_CONSTANT_CONVERSION = YES;
				CLANG_WARN_DIRECT_OBJC_ISA_USAGE = YES_ERROR;
				CLANG_WARN_DOCUMENTATION_COMMENTS = YES;
				CLANG_WARN_EMPTY_BODY = YES;
				CLANG_WARN_ENUM_CONVERSION = YES;
				CLANG_WARN_INFINITE_RECURSION = YES;
				CLANG_WARN_INT_CONVERSION = YES;
				CLANG_WARN_OBJC_ROOT_CLASS = YES_ERROR;
				CLANG_WARN_SUSPICIOUS_MOVE = YES;
				CLANG_WARN_UNREACHABLE_CODE = YES;
				CLANG_WARN__DUPLICATE_METHOD_MATCH = YES;
				"CODE_SIGN_IDENTITY[sdk=iphoneos*]" = "iPhone Developer";
				COPY_PHASE_STRIP = NO;
				DEBUG_INFORMATION_FORMAT = "dwarf-with-dsym";
				ENABLE_NS_ASSERTIONS = NO;
				ENABLE_STRICT_OBJC_MSGSEND = YES;
				GCC_C_LANGUAGE_STANDARD = gnu99;
				GCC_NO_COMMON_BLOCKS = YES;
				GCC_WARN_64_TO_32_BIT_CONVERSION = YES;
				GCC_WARN_ABOUT_RETURN_TYPE = YES_ERROR;
				GCC_WARN_UNDECLARED_SELECTOR = YES;
				GCC_WARN_UNINITIALIZED_AUTOS = YES_AGGRESSIVE;
				GCC_WARN_UNUSED_FUNCTION = YES;
				GCC_WARN_UNUSED_VARIABLE = YES;
				IPHONEOS_DEPLOYMENT_TARGET = 10.3;
				MTL_ENABLE_DEBUG_INFO = NO;
				SDKROOT = iphoneos;
				SWIFT_OPTIMIZATION_LEVEL = "-Owholemodule";
				TARGETED_DEVICE_FAMILY = "1,2";
				VALIDATE_PRODUCT = YES;
			};
			name = Release;
		};
		3AD3CD111F28C5DC006CCFC1 /* Debug */ = {
			isa = XCBuildConfiguration;
			baseConfigurationReference = 2A9956CC38328EA8D62B05E6 /* Pods-TestTask.debug.xcconfig */;
			buildSettings = {
				ASSETCATALOG_COMPILER_APPICON_NAME = AppIcon;
				DEVELOPMENT_TEAM = T4W24SQJKG;
				INFOPLIST_FILE = TestTask/Info.plist;
				IPHONEOS_DEPLOYMENT_TARGET = 9.0;
				LD_RUNPATH_SEARCH_PATHS = "$(inherited) @executable_path/Frameworks";
				PRODUCT_BUNDLE_IDENTIFIER = eu.elatesoftware.com.TestTask;
				PRODUCT_NAME = "$(TARGET_NAME)";
				SWIFT_VERSION = 3.0;
			};
			name = Debug;
		};
		3AD3CD121F28C5DC006CCFC1 /* Release */ = {
			isa = XCBuildConfiguration;
			baseConfigurationReference = 642E802F3A56897AD71FBFED /* Pods-TestTask.release.xcconfig */;
			buildSettings = {
				ASSETCATALOG_COMPILER_APPICON_NAME = AppIcon;
				DEVELOPMENT_TEAM = T4W24SQJKG;
				INFOPLIST_FILE = TestTask/Info.plist;
				IPHONEOS_DEPLOYMENT_TARGET = 9.0;
				LD_RUNPATH_SEARCH_PATHS = "$(inherited) @executable_path/Frameworks";
				PRODUCT_BUNDLE_IDENTIFIER = eu.elatesoftware.com.TestTask;
				PRODUCT_NAME = "$(TARGET_NAME)";
				SWIFT_VERSION = 3.0;
			};
			name = Release;
		};
/* End XCBuildConfiguration section */

/* Begin XCConfigurationList section */
		3AD3CCF91F28C5DC006CCFC1 /* Build configuration list for PBXProject "TestTask" */ = {
			isa = XCConfigurationList;
			buildConfigurations = (
				3AD3CD0E1F28C5DC006CCFC1 /* Debug */,
				3AD3CD0F1F28C5DC006CCFC1 /* Release */,
			);
			defaultConfigurationIsVisible = 0;
			defaultConfigurationName = Release;
		};
		3AD3CD101F28C5DC006CCFC1 /* Build configuration list for PBXNativeTarget "TestTask" */ = {
			isa = XCConfigurationList;
			buildConfigurations = (
				3AD3CD111F28C5DC006CCFC1 /* Debug */,
				3AD3CD121F28C5DC006CCFC1 /* Release */,
			);
			defaultConfigurationIsVisible = 0;
			defaultConfigurationName = Release;
		};
/* End XCConfigurationList section */

/* Begin XCVersionGroup section */
		3AD3CD161F28C6B9006CCFC1 /* WeatherModel.xcdatamodeld */ = {
			isa = XCVersionGroup;
			children = (
				3AD3CD171F28C6B9006CCFC1 /* WeatherModel.xcdatamodel */,
			);
			currentVersion = 3AD3CD171F28C6B9006CCFC1 /* WeatherModel.xcdatamodel */;
			path = WeatherModel.xcdatamodeld;
			sourceTree = "<group>";
			versionGroupType = wrapper.xcdatamodel;
		};
/* End XCVersionGroup section */
	};
	rootObject = 3AD3CCF61F28C5DC006CCFC1 /* Project object */;
}
